<?xml version="1.0" encoding="utf-8"?>
<Project ToolsVersion="4.0" xmlns="http://schemas.microsoft.com/developer/msbuild/2003">
  <ItemGroup>
    <Filter Include="src">
      <UniqueIdentifier>{5b3a420d-7faa-4494-9556-c494d6f25c5d}</UniqueIdentifier>
    </Filter>
    <Filter Include="assets">
      <UniqueIdentifier>{46948501-fa2a-4aff-8f20-21006641acd3}</UniqueIdentifier>
    </Filter>
    <Filter Include="assets\textures">
      <UniqueIdentifier>{da8cfd21-56d4-4d08-83a0-fc6969c6ccb3}</UniqueIdentifier>
    </Filter>
    <Filter Include="assets\shaders">
      <UniqueIdentifier>{9831ab03-bc90-4df4-b85b-48131ab5f97c}</UniqueIdentifier>
    </Filter>
  </ItemGroup>
  <ItemGroup>
    <ClCompile Include="src\SandboxApp.cpp">
      <Filter>src</Filter>
    </ClCompile>
    <ClCompile Include="src\Sandbox2D.cpp">
      <Filter>src</Filter>
    </ClCompile>
    <ClCompile Include="src\ExampleLayer.cpp">
      <Filter>src</Filter>
    </ClCompile>
  </ItemGroup>
  <ItemGroup>
    <ClInclude Include="src\Sandbox2D.h">
      <Filter>src</Filter>
    </ClInclude>
    <ClInclude Include="src\ExampleLayer.h">
      <Filter>src</Filter>
    </ClInclude>
  </ItemGroup>
</Project>