<?xml version="1.0" encoding="utf-8"?>
<Project ToolsVersion="4.0" xmlns="http://schemas.microsoft.com/developer/msbuild/2003">
  <ItemGroup>
    <Filter Include="Changing">
      <UniqueIdentifier>{04E4DB80-F0B0-368C-19CA-243405F66B1A}</UniqueIdentifier>
    </Filter>
    <Filter Include="Changing\Events">
      <UniqueIdentifier>{686390BA-D4EE-FD7E-DDFF-8073490A5A7F}</UniqueIdentifier>
    </Filter>
    <Filter Include="Platform">
      <UniqueIdentifier>{2AC788B4-1694-E3BF-3FAD-D1672BD9184E}</UniqueIdentifier>
    </Filter>
    <Filter Include="Platform\Windows">
      <UniqueIdentifier>{64FBD71A-50F4-F66C-7926-DCF1657ED678}</UniqueIdentifier>
    </Filter>
  </ItemGroup>
  <ItemGroup>
    <ClInclude Include="src\Changing.h" />
    <ClInclude Include="src\Changing\Application.h">
      <Filter>Changing</Filter>
    </ClInclude>
    <ClInclude Include="src\Changing\Core.h">
      <Filter>Changing</Filter>
    </ClInclude>
    <ClInclude Include="src\Changing\EntryPoint.h">
      <Filter>Changing</Filter>
    </ClInclude>
    <ClInclude Include="src\Changing\Events\ApplicationEvent.h">
      <Filter>Changing\Events</Filter>
    </ClInclude>
    <ClInclude Include="src\Changing\Events\Event.h">
      <Filter>Changing\Events</Filter>
    </ClInclude>
    <ClInclude Include="src\Changing\Events\KeyEvent.h">
      <Filter>Changing\Events</Filter>
    </ClInclude>
    <ClInclude Include="src\Changing\Events\MouseEvent.h">
      <Filter>Changing\Events</Filter>
    </ClInclude>
    <ClInclude Include="src\Changing\Log.h">
      <Filter>Changing</Filter>
    </ClInclude>
    <ClInclude Include="src\Changing\Window.h">
      <Filter>Changing</Filter>
    </ClInclude>
    <ClInclude Include="src\Platform\Windows\WindowsWindow.h">
      <Filter>Platform\Windows</Filter>
    </ClInclude>
    <ClInclude Include="src\chngpch.h" />
  </ItemGroup>
  <ItemGroup>
    <ClCompile Include="src\Changing\Application.cpp">
      <Filter>Changing</Filter>
    </ClCompile>
    <ClCompile Include="src\Changing\Log.cpp">
      <Filter>Changing</Filter>
    </ClCompile>
    <ClCompile Include="src\Platform\Windows\WindowsWindow.cpp">
      <Filter>Platform\Windows</Filter>
    </ClCompile>
    <ClCompile Include="src\chngpch.cpp" />
  </ItemGroup>
</Project>